
Microsoft Visual Studio Solution File, Format Version 12.00
Project("{FAE04EC0-301F-11D3-BF4B-00C04F79EFBC}") = "BuffBar", "BuffBar.csproj", "{D672DD48-6F5B-40E8-821E-D68C1033AAB5}"
EndProject
Global
	GlobalSection(SolutionConfigurationPlatforms) = preSolution
		Debug|Any CPU = Debug|Any CPU
		Release|Any CPU = Release|Any CPU
	EndGlobalSection
	GlobalSection(ProjectConfigurationPlatforms) = postSolution
		{D672DD48-6F5B-40E8-821E-D68C1033AAB5}.Debug|Any CPU.ActiveCfg = Debug|Any CPU
		{D672DD48-6F5B-40E8-821E-D68C1033AAB5}.Debug|Any CPU.Build.0 = Debug|Any CPU
		{D672DD48-6F5B-40E8-821E-D68C1033AAB5}.Release|Any CPU.ActiveCfg = Release|Any CPU
		{D672DD48-6F5B-40E8-821E-D68C1033AAB5}.Release|Any CPU.Build.0 = Release|Any CPU
	EndGlobalSection
EndGlobal
